
Microsoft Visual Studio Solution File, Format Version 12.00
# Visual Studio 14
VisualStudioVersion = 14.0.25420.1
MinimumVisualStudioVersion = 10.0.40219.1
Project("{8BC9CEB8-8B4A-11D0-8D11-00A0C91BC942}") = "TestMain", "TestMain.vcxproj", "{AE4A1EFB-8BAC-4261-8F4C-61BE3F6D6A28}"
	ProjectSection(ProjectDependencies) = postProject
		{4E96FF4B-B919-4515-B62E-8FF99E70BDCD} = {4E96FF4B-B919-4515-B62E-8FF99E70BDCD}
	EndProjectSection
EndProject
Project("{8BC9CEB8-8B4A-11D0-8D11-00A0C91BC942}") = "VideoParser", "..\VideoParser\VideoParser.vcxproj", "{4E96FF4B-B919-4515-B62E-8FF99E70BDCD}"
	ProjectSection(ProjectDependencies) = postProject
		{B4824EFF-C340-425D-A4A8-E2E02A71A7AE} = {B4824EFF-C340-425D-A4A8-E2E02A71A7AE}
	EndProjectSection
EndProject
Project("{8BC9CEB8-8B4A-11D0-8D11-00A0C91BC942}") = "libavcodec", "..\ffmpeg\SMP\libavcodec.vcxproj", "{B4824EFF-C340-425D-A4A8-E2E02A71A7AE}"
EndProject
Project("{8BC9CEB8-8B4A-11D0-8D11-00A0C91BC942}") = "libavutil", "..\ffmpeg\SMP\libavutil.vcxproj", "{CE6C44DD-6E38-4293-8AB3-04EE28CCA972}"
EndProject
Project("{8BC9CEB8-8B4A-11D0-8D11-00A0C91BC942}") = "libavformat", "..\ffmpeg\SMP\libavformat.vcxproj", "{30A96E9B-8061-4F19-BD71-FDE7EA8F7929}"
EndProject
Global
	GlobalSection(SolutionConfigurationPlatforms) = preSolution
		Debug|ARM = Debug|ARM
		Debug|x64 = Debug|x64
		Debug|x86 = Debug|x86
		DebugDLL|ARM = DebugDLL|ARM
		DebugDLL|x64 = DebugDLL|x64
		DebugDLL|x86 = DebugDLL|x86
		DebugDLLStaticDeps|ARM = DebugDLLStaticDeps|ARM
		DebugDLLStaticDeps|x64 = DebugDLLStaticDeps|x64
		DebugDLLStaticDeps|x86 = DebugDLLStaticDeps|x86
		Release|ARM = Release|ARM
		Release|x64 = Release|x64
		Release|x86 = Release|x86
		ReleaseDLL|ARM = ReleaseDLL|ARM
		ReleaseDLL|x64 = ReleaseDLL|x64
		ReleaseDLL|x86 = ReleaseDLL|x86
		ReleaseDLLStaticDeps|ARM = ReleaseDLLStaticDeps|ARM
		ReleaseDLLStaticDeps|x64 = ReleaseDLLStaticDeps|x64
		ReleaseDLLStaticDeps|x86 = ReleaseDLLStaticDeps|x86
		ReleaseLTO|ARM = ReleaseLTO|ARM
		ReleaseLTO|x64 = ReleaseLTO|x64
		ReleaseLTO|x86 = ReleaseLTO|x86
	EndGlobalSection
	GlobalSection(ProjectConfigurationPlatforms) = postSolution
		{AE4A1EFB-8BAC-4261-8F4C-61BE3F6D6A28}.Debug|ARM.ActiveCfg = Debug|Win32
		{AE4A1EFB-8BAC-4261-8F4C-61BE3F6D6A28}.Debug|x64.ActiveCfg = Debug|x64
		{AE4A1EFB-8BAC-4261-8F4C-61BE3F6D6A28}.Debug|x64.Build.0 = Debug|x64
		{AE4A1EFB-8BAC-4261-8F4C-61BE3F6D6A28}.Debug|x86.ActiveCfg = Debug|Win32
		{AE4A1EFB-8BAC-4261-8F4C-61BE3F6D6A28}.Debug|x86.Build.0 = Debug|Win32
		{AE4A1EFB-8BAC-4261-8F4C-61BE3F6D6A28}.DebugDLL|ARM.ActiveCfg = Release|x64
		{AE4A1EFB-8BAC-4261-8F4C-61BE3F6D6A28}.DebugDLL|ARM.Build.0 = Release|x64
		{AE4A1EFB-8BAC-4261-8F4C-61BE3F6D6A28}.DebugDLL|x64.ActiveCfg = Debug|x64
		{AE4A1EFB-8BAC-4261-8F4C-61BE3F6D6A28}.DebugDLL|x64.Build.0 = Debug|x64
		{AE4A1EFB-8BAC-4261-8F4C-61BE3F6D6A28}.DebugDLL|x86.ActiveCfg = Debug|Win32
		{AE4A1EFB-8BAC-4261-8F4C-61BE3F6D6A28}.DebugDLL|x86.Build.0 = Debug|Win32
		{AE4A1EFB-8BAC-4261-8F4C-61BE3F6D6A28}.DebugDLLStaticDeps|ARM.ActiveCfg = Release|x64
		{AE4A1EFB-8BAC-4261-8F4C-61BE3F6D6A28}.DebugDLLStaticDeps|ARM.Build.0 = Release|x64
		{AE4A1EFB-8BAC-4261-8F4C-61BE3F6D6A28}.DebugDLLStaticDeps|x64.ActiveCfg = Debug|x64
		{AE4A1EFB-8BAC-4261-8F4C-61BE3F6D6A28}.DebugDLLStaticDeps|x64.Build.0 = Debug|x64
		{AE4A1EFB-8BAC-4261-8F4C-61BE3F6D6A28}.DebugDLLStaticDeps|x86.ActiveCfg = Debug|Win32
		{AE4A1EFB-8BAC-4261-8F4C-61BE3F6D6A28}.DebugDLLStaticDeps|x86.Build.0 = Debug|Win32
		{AE4A1EFB-8BAC-4261-8F4C-61BE3F6D6A28}.Release|ARM.ActiveCfg = Release|Win32
		{AE4A1EFB-8BAC-4261-8F4C-61BE3F6D6A28}.Release|x64.ActiveCfg = Release|x64
		{AE4A1EFB-8BAC-4261-8F4C-61BE3F6D6A28}.Release|x64.Build.0 = Release|x64
		{AE4A1EFB-8BAC-4261-8F4C-61BE3F6D6A28}.Release|x86.ActiveCfg = Release|Win32
		{AE4A1EFB-8BAC-4261-8F4C-61BE3F6D6A28}.Release|x86.Build.0 = Release|Win32
		{AE4A1EFB-8BAC-4261-8F4C-61BE3F6D6A28}.ReleaseDLL|ARM.ActiveCfg = Release|x64
		{AE4A1EFB-8BAC-4261-8F4C-61BE3F6D6A28}.ReleaseDLL|ARM.Build.0 = Release|x64
		{AE4A1EFB-8BAC-4261-8F4C-61BE3F6D6A28}.ReleaseDLL|x64.ActiveCfg = Release|x64
		{AE4A1EFB-8BAC-4261-8F4C-61BE3F6D6A28}.ReleaseDLL|x64.Build.0 = Release|x64
		{AE4A1EFB-8BAC-4261-8F4C-61BE3F6D6A28}.ReleaseDLL|x86.ActiveCfg = Release|Win32
		{AE4A1EFB-8BAC-4261-8F4C-61BE3F6D6A28}.ReleaseDLL|x86.Build.0 = Release|Win32
		{AE4A1EFB-8BAC-4261-8F4C-61BE3F6D6A28}.ReleaseDLLStaticDeps|ARM.ActiveCfg = Release|x64
		{AE4A1EFB-8BAC-4261-8F4C-61BE3F6D6A28}.ReleaseDLLStaticDeps|ARM.Build.0 = Release|x64
		{AE4A1EFB-8BAC-4261-8F4C-61BE3F6D6A28}.ReleaseDLLStaticDeps|x64.ActiveCfg = Release|x64
		{AE4A1EFB-8BAC-4261-8F4C-61BE3F6D6A28}.ReleaseDLLStaticDeps|x64.Build.0 = Release|x64
		{AE4A1EFB-8BAC-4261-8F4C-61BE3F6D6A28}.ReleaseDLLStaticDeps|x86.ActiveCfg = Release|Win32
		{AE4A1EFB-8BAC-4261-8F4C-61BE3F6D6A28}.ReleaseDLLStaticDeps|x86.Build.0 = Release|Win32
		{AE4A1EFB-8BAC-4261-8F4C-61BE3F6D6A28}.ReleaseLTO|ARM.ActiveCfg = Release|x64
		{AE4A1EFB-8BAC-4261-8F4C-61BE3F6D6A28}.ReleaseLTO|ARM.Build.0 = Release|x64
		{AE4A1EFB-8BAC-4261-8F4C-61BE3F6D6A28}.ReleaseLTO|x64.ActiveCfg = Release|x64
		{AE4A1EFB-8BAC-4261-8F4C-61BE3F6D6A28}.ReleaseLTO|x64.Build.0 = Release|x64
		{AE4A1EFB-8BAC-4261-8F4C-61BE3F6D6A28}.ReleaseLTO|x86.ActiveCfg = Release|Win32
		{AE4A1EFB-8BAC-4261-8F4C-61BE3F6D6A28}.ReleaseLTO|x86.Build.0 = Release|Win32
		{4E96FF4B-B919-4515-B62E-8FF99E70BDCD}.Debug|ARM.ActiveCfg = Debug|Win32
		{4E96FF4B-B919-4515-B62E-8FF99E70BDCD}.Debug|x64.ActiveCfg = Debug|x64
		{4E96FF4B-B919-4515-B62E-8FF99E70BDCD}.Debug|x64.Build.0 = Debug|x64
		{4E96FF4B-B919-4515-B62E-8FF99E70BDCD}.Debug|x86.ActiveCfg = Debug|Win32
		{4E96FF4B-B919-4515-B62E-8FF99E70BDCD}.Debug|x86.Build.0 = Debug|Win32
		{4E96FF4B-B919-4515-B62E-8FF99E70BDCD}.DebugDLL|ARM.ActiveCfg = Release|x64
		{4E96FF4B-B919-4515-B62E-8FF99E70BDCD}.DebugDLL|ARM.Build.0 = Release|x64
		{4E96FF4B-B919-4515-B62E-8FF99E70BDCD}.DebugDLL|x64.ActiveCfg = Debug|x64
		{4E96FF4B-B919-4515-B62E-8FF99E70BDCD}.DebugDLL|x64.Build.0 = Debug|x64
		{4E96FF4B-B919-4515-B62E-8FF99E70BDCD}.DebugDLL|x86.ActiveCfg = Debug|Win32
		{4E96FF4B-B919-4515-B62E-8FF99E70BDCD}.DebugDLL|x86.Build.0 = Debug|Win32
		{4E96FF4B-B919-4515-B62E-8FF99E70BDCD}.DebugDLLStaticDeps|ARM.ActiveCfg = Release|x64
		{4E96FF4B-B919-4515-B62E-8FF99E70BDCD}.DebugDLLStaticDeps|ARM.Build.0 = Release|x64
		{4E96FF4B-B919-4515-B62E-8FF99E70BDCD}.DebugDLLStaticDeps|x64.ActiveCfg = Debug|x64
		{4E96FF4B-B919-4515-B62E-8FF99E70BDCD}.DebugDLLStaticDeps|x64.Build.0 = Debug|x64
		{4E96FF4B-B919-4515-B62E-8FF99E70BDCD}.DebugDLLStaticDeps|x86.ActiveCfg = Debug|Win32
		{4E96FF4B-B919-4515-B62E-8FF99E70BDCD}.DebugDLLStaticDeps|x86.Build.0 = Debug|Win32
		{4E96FF4B-B919-4515-B62E-8FF99E70BDCD}.Release|ARM.ActiveCfg = Release|Win32
		{4E96FF4B-B919-4515-B62E-8FF99E70BDCD}.Release|x64.ActiveCfg = Release|x64
		{4E96FF4B-B919-4515-B62E-8FF99E70BDCD}.Release|x64.Build.0 = Release|x64
		{4E96FF4B-B919-4515-B62E-8FF99E70BDCD}.Release|x86.ActiveCfg = Release|Win32
		{4E96FF4B-B919-4515-B62E-8FF99E70BDCD}.Release|x86.Build.0 = Release|Win32
		{4E96FF4B-B919-4515-B62E-8FF99E70BDCD}.ReleaseDLL|ARM.ActiveCfg = Release|x64
		{4E96FF4B-B919-4515-B62E-8FF99E70BDCD}.ReleaseDLL|ARM.Build.0 = Release|x64
		{4E96FF4B-B919-4515-B62E-8FF99E70BDCD}.ReleaseDLL|x64.ActiveCfg = Release|x64
		{4E96FF4B-B919-4515-B62E-8FF99E70BDCD}.ReleaseDLL|x64.Build.0 = Release|x64
		{4E96FF4B-B919-4515-B62E-8FF99E70BDCD}.ReleaseDLL|x86.ActiveCfg = Release|Win32
		{4E96FF4B-B919-4515-B62E-8FF99E70BDCD}.ReleaseDLL|x86.Build.0 = Release|Win32
		{4E96FF4B-B919-4515-B62E-8FF99E70BDCD}.ReleaseDLLStaticDeps|ARM.ActiveCfg = Release|x64
		{4E96FF4B-B919-4515-B62E-8FF99E70BDCD}.ReleaseDLLStaticDeps|ARM.Build.0 = Release|x64
		{4E96FF4B-B919-4515-B62E-8FF99E70BDCD}.ReleaseDLLStaticDeps|x64.ActiveCfg = Release|x64
		{4E96FF4B-B919-4515-B62E-8FF99E70BDCD}.ReleaseDLLStaticDeps|x64.Build.0 = Release|x64
		{4E96FF4B-B919-4515-B62E-8FF99E70BDCD}.ReleaseDLLStaticDeps|x86.ActiveCfg = Release|Win32
		{4E96FF4B-B919-4515-B62E-8FF99E70BDCD}.ReleaseDLLStaticDeps|x86.Build.0 = Release|Win32
		{4E96FF4B-B919-4515-B62E-8FF99E70BDCD}.ReleaseLTO|ARM.ActiveCfg = Release|x64
		{4E96FF4B-B919-4515-B62E-8FF99E70BDCD}.ReleaseLTO|ARM.Build.0 = Release|x64
		{4E96FF4B-B919-4515-B62E-8FF99E70BDCD}.ReleaseLTO|x64.ActiveCfg = Release|x64
		{4E96FF4B-B919-4515-B62E-8FF99E70BDCD}.ReleaseLTO|x64.Build.0 = Release|x64
		{4E96FF4B-B919-4515-B62E-8FF99E70BDCD}.ReleaseLTO|x86.ActiveCfg = Release|Win32
		{4E96FF4B-B919-4515-B62E-8FF99E70BDCD}.ReleaseLTO|x86.Build.0 = Release|Win32
		{B4824EFF-C340-425D-A4A8-E2E02A71A7AE}.Debug|ARM.ActiveCfg = Debug|Win32
		{B4824EFF-C340-425D-A4A8-E2E02A71A7AE}.Debug|x64.ActiveCfg = Debug|x64
		{B4824EFF-C340-425D-A4A8-E2E02A71A7AE}.Debug|x64.Build.0 = Debug|x64
		{B4824EFF-C340-425D-A4A8-E2E02A71A7AE}.Debug|x86.ActiveCfg = Debug|Win32
		{B4824EFF-C340-425D-A4A8-E2E02A71A7AE}.Debug|x86.Build.0 = Debug|Win32
		{B4824EFF-C340-425D-A4A8-E2E02A71A7AE}.DebugDLL|ARM.ActiveCfg = DebugDLL|Win32
		{B4824EFF-C340-425D-A4A8-E2E02A71A7AE}.DebugDLL|x64.ActiveCfg = DebugDLL|x64
		{B4824EFF-C340-425D-A4A8-E2E02A71A7AE}.DebugDLL|x64.Build.0 = DebugDLL|x64
		{B4824EFF-C340-425D-A4A8-E2E02A71A7AE}.DebugDLL|x86.ActiveCfg = DebugDLL|Win32
		{B4824EFF-C340-425D-A4A8-E2E02A71A7AE}.DebugDLL|x86.Build.0 = DebugDLL|Win32
		{B4824EFF-C340-425D-A4A8-E2E02A71A7AE}.DebugDLLStaticDeps|ARM.ActiveCfg = DebugDLLStaticDeps|Win32
		{B4824EFF-C340-425D-A4A8-E2E02A71A7AE}.DebugDLLStaticDeps|x64.ActiveCfg = DebugDLLStaticDeps|x64
		{B4824EFF-C340-425D-A4A8-E2E02A71A7AE}.DebugDLLStaticDeps|x64.Build.0 = DebugDLLStaticDeps|x64
		{B4824EFF-C340-425D-A4A8-E2E02A71A7AE}.DebugDLLStaticDeps|x86.ActiveCfg = DebugDLLStaticDeps|Win32
		{B4824EFF-C340-425D-A4A8-E2E02A71A7AE}.DebugDLLStaticDeps|x86.Build.0 = DebugDLLStaticDeps|Win32
		{B4824EFF-C340-425D-A4A8-E2E02A71A7AE}.Release|ARM.ActiveCfg = Release|Win32
		{B4824EFF-C340-425D-A4A8-E2E02A71A7AE}.Release|x64.ActiveCfg = Release|x64
		{B4824EFF-C340-425D-A4A8-E2E02A71A7AE}.Release|x64.Build.0 = Release|x64
		{B4824EFF-C340-425D-A4A8-E2E02A71A7AE}.Release|x86.ActiveCfg = Release|Win32
		{B4824EFF-C340-425D-A4A8-E2E02A71A7AE}.Release|x86.Build.0 = Release|Win32
		{B4824EFF-C340-425D-A4A8-E2E02A71A7AE}.ReleaseDLL|ARM.ActiveCfg = ReleaseDLL|Win32
		{B4824EFF-C340-425D-A4A8-E2E02A71A7AE}.ReleaseDLL|x64.ActiveCfg = ReleaseDLL|x64
		{B4824EFF-C340-425D-A4A8-E2E02A71A7AE}.ReleaseDLL|x64.Build.0 = ReleaseDLL|x64
		{B4824EFF-C340-425D-A4A8-E2E02A71A7AE}.ReleaseDLL|x86.ActiveCfg = ReleaseDLL|Win32
		{B4824EFF-C340-425D-A4A8-E2E02A71A7AE}.ReleaseDLL|x86.Build.0 = ReleaseDLL|Win32
		{B4824EFF-C340-425D-A4A8-E2E02A71A7AE}.ReleaseDLLStaticDeps|ARM.ActiveCfg = ReleaseDLLStaticDeps|Win32
		{B4824EFF-C340-425D-A4A8-E2E02A71A7AE}.ReleaseDLLStaticDeps|x64.ActiveCfg = ReleaseDLLStaticDeps|x64
		{B4824EFF-C340-425D-A4A8-E2E02A71A7AE}.ReleaseDLLStaticDeps|x64.Build.0 = ReleaseDLLStaticDeps|x64
		{B4824EFF-C340-425D-A4A8-E2E02A71A7AE}.ReleaseDLLStaticDeps|x86.ActiveCfg = ReleaseDLLStaticDeps|Win32
		{B4824EFF-C340-425D-A4A8-E2E02A71A7AE}.ReleaseDLLStaticDeps|x86.Build.0 = ReleaseDLLStaticDeps|Win32
		{B4824EFF-C340-425D-A4A8-E2E02A71A7AE}.ReleaseLTO|ARM.ActiveCfg = ReleaseLTO|Win32
		{B4824EFF-C340-425D-A4A8-E2E02A71A7AE}.ReleaseLTO|x64.ActiveCfg = ReleaseLTO|x64
		{B4824EFF-C340-425D-A4A8-E2E02A71A7AE}.ReleaseLTO|x64.Build.0 = ReleaseLTO|x64
		{B4824EFF-C340-425D-A4A8-E2E02A71A7AE}.ReleaseLTO|x86.ActiveCfg = ReleaseLTO|Win32
		{B4824EFF-C340-425D-A4A8-E2E02A71A7AE}.ReleaseLTO|x86.Build.0 = ReleaseLTO|Win32
		{CE6C44DD-6E38-4293-8AB3-04EE28CCA972}.Debug|ARM.ActiveCfg = Debug|Win32
		{CE6C44DD-6E38-4293-8AB3-04EE28CCA972}.Debug|x64.ActiveCfg = Debug|x64
		{CE6C44DD-6E38-4293-8AB3-04EE28CCA972}.Debug|x64.Build.0 = Debug|x64
		{CE6C44DD-6E38-4293-8AB3-04EE28CCA972}.Debug|x86.ActiveCfg = Debug|Win32
		{CE6C44DD-6E38-4293-8AB3-04EE28CCA972}.Debug|x86.Build.0 = Debug|Win32
		{CE6C44DD-6E38-4293-8AB3-04EE28CCA972}.DebugDLL|ARM.ActiveCfg = DebugDLL|Win32
		{CE6C44DD-6E38-4293-8AB3-04EE28CCA972}.DebugDLL|x64.ActiveCfg = DebugDLL|x64
		{CE6C44DD-6E38-4293-8AB3-04EE28CCA972}.DebugDLL|x64.Build.0 = DebugDLL|x64
		{CE6C44DD-6E38-4293-8AB3-04EE28CCA972}.DebugDLL|x86.ActiveCfg = DebugDLL|Win32
		{CE6C44DD-6E38-4293-8AB3-04EE28CCA972}.DebugDLL|x86.Build.0 = DebugDLL|Win32
		{CE6C44DD-6E38-4293-8AB3-04EE28CCA972}.DebugDLLStaticDeps|ARM.ActiveCfg = DebugDLLStaticDeps|Win32
		{CE6C44DD-6E38-4293-8AB3-04EE28CCA972}.DebugDLLStaticDeps|x64.ActiveCfg = DebugDLLStaticDeps|x64
		{CE6C44DD-6E38-4293-8AB3-04EE28CCA972}.DebugDLLStaticDeps|x64.Build.0 = DebugDLLStaticDeps|x64
		{CE6C44DD-6E38-4293-8AB3-04EE28CCA972}.DebugDLLStaticDeps|x86.ActiveCfg = DebugDLLStaticDeps|Win32
		{CE6C44DD-6E38-4293-8AB3-04EE28CCA972}.DebugDLLStaticDeps|x86.Build.0 = DebugDLLStaticDeps|Win32
		{CE6C44DD-6E38-4293-8AB3-04EE28CCA972}.Release|ARM.ActiveCfg = Release|Win32
		{CE6C44DD-6E38-4293-8AB3-04EE28CCA972}.Release|x64.ActiveCfg = Release|x64
		{CE6C44DD-6E38-4293-8AB3-04EE28CCA972}.Release|x64.Build.0 = Release|x64
		{CE6C44DD-6E38-4293-8AB3-04EE28CCA972}.Release|x86.ActiveCfg = Release|Win32
		{CE6C44DD-6E38-4293-8AB3-04EE28CCA972}.Release|x86.Build.0 = Release|Win32
		{CE6C44DD-6E38-4293-8AB3-04EE28CCA972}.ReleaseDLL|ARM.ActiveCfg = ReleaseDLL|Win32
		{CE6C44DD-6E38-4293-8AB3-04EE28CCA972}.ReleaseDLL|x64.ActiveCfg = ReleaseDLL|x64
		{CE6C44DD-6E38-4293-8AB3-04EE28CCA972}.ReleaseDLL|x64.Build.0 = ReleaseDLL|x64
		{CE6C44DD-6E38-4293-8AB3-04EE28CCA972}.ReleaseDLL|x86.ActiveCfg = ReleaseDLL|Win32
		{CE6C44DD-6E38-4293-8AB3-04EE28CCA972}.ReleaseDLL|x86.Build.0 = ReleaseDLL|Win32
		{CE6C44DD-6E38-4293-8AB3-04EE28CCA972}.ReleaseDLLStaticDeps|ARM.ActiveCfg = ReleaseDLLStaticDeps|Win32
		{CE6C44DD-6E38-4293-8AB3-04EE28CCA972}.ReleaseDLLStaticDeps|x64.ActiveCfg = ReleaseDLLStaticDeps|x64
		{CE6C44DD-6E38-4293-8AB3-04EE28CCA972}.ReleaseDLLStaticDeps|x64.Build.0 = ReleaseDLLStaticDeps|x64
		{CE6C44DD-6E38-4293-8AB3-04EE28CCA972}.ReleaseDLLStaticDeps|x86.ActiveCfg = ReleaseDLLStaticDeps|Win32
		{CE6C44DD-6E38-4293-8AB3-04EE28CCA972}.ReleaseDLLStaticDeps|x86.Build.0 = ReleaseDLLStaticDeps|Win32
		{CE6C44DD-6E38-4293-8AB3-04EE28CCA972}.ReleaseLTO|ARM.ActiveCfg = ReleaseLTO|Win32
		{CE6C44DD-6E38-4293-8AB3-04EE28CCA972}.ReleaseLTO|x64.ActiveCfg = ReleaseLTO|x64
		{CE6C44DD-6E38-4293-8AB3-04EE28CCA972}.ReleaseLTO|x64.Build.0 = ReleaseLTO|x64
		{CE6C44DD-6E38-4293-8AB3-04EE28CCA972}.ReleaseLTO|x86.ActiveCfg = ReleaseLTO|Win32
		{CE6C44DD-6E38-4293-8AB3-04EE28CCA972}.ReleaseLTO|x86.Build.0 = ReleaseLTO|Win32
		{30A96E9B-8061-4F19-BD71-FDE7EA8F7929}.Debug|ARM.ActiveCfg = Debug|Win32
		{30A96E9B-8061-4F19-BD71-FDE7EA8F7929}.Debug|x64.ActiveCfg = Debug|x64
		{30A96E9B-8061-4F19-BD71-FDE7EA8F7929}.Debug|x64.Build.0 = Debug|x64
		{30A96E9B-8061-4F19-BD71-FDE7EA8F7929}.Debug|x86.ActiveCfg = Debug|Win32
		{30A96E9B-8061-4F19-BD71-FDE7EA8F7929}.Debug|x86.Build.0 = Debug|Win32
		{30A96E9B-8061-4F19-BD71-FDE7EA8F7929}.DebugDLL|ARM.ActiveCfg = DebugDLL|Win32
		{30A96E9B-8061-4F19-BD71-FDE7EA8F7929}.DebugDLL|x64.ActiveCfg = DebugDLL|x64
		{30A96E9B-8061-4F19-BD71-FDE7EA8F7929}.DebugDLL|x64.Build.0 = DebugDLL|x64
		{30A96E9B-8061-4F19-BD71-FDE7EA8F7929}.DebugDLL|x86.ActiveCfg = DebugDLL|Win32
		{30A96E9B-8061-4F19-BD71-FDE7EA8F7929}.DebugDLL|x86.Build.0 = DebugDLL|Win32
		{30A96E9B-8061-4F19-BD71-FDE7EA8F7929}.DebugDLLStaticDeps|ARM.ActiveCfg = DebugDLLStaticDeps|Win32
		{30A96E9B-8061-4F19-BD71-FDE7EA8F7929}.DebugDLLStaticDeps|x64.ActiveCfg = DebugDLLStaticDeps|x64
		{30A96E9B-8061-4F19-BD71-FDE7EA8F7929}.DebugDLLStaticDeps|x64.Build.0 = DebugDLLStaticDeps|x64
		{30A96E9B-8061-4F19-BD71-FDE7EA8F7929}.DebugDLLStaticDeps|x86.ActiveCfg = DebugDLLStaticDeps|Win32
		{30A96E9B-8061-4F19-BD71-FDE7EA8F7929}.DebugDLLStaticDeps|x86.Build.0 = DebugDLLStaticDeps|Win32
		{30A96E9B-8061-4F19-BD71-FDE7EA8F7929}.Release|ARM.ActiveCfg = Release|Win32
		{30A96E9B-8061-4F19-BD71-FDE7EA8F7929}.Release|x64.ActiveCfg = Release|x64
		{30A96E9B-8061-4F19-BD71-FDE7EA8F7929}.Release|x64.Build.0 = Release|x64
		{30A96E9B-8061-4F19-BD71-FDE7EA8F7929}.Release|x86.ActiveCfg = Release|Win32
		{30A96E9B-8061-4F19-BD71-FDE7EA8F7929}.Release|x86.Build.0 = Release|Win32
		{30A96E9B-8061-4F19-BD71-FDE7EA8F7929}.ReleaseDLL|ARM.ActiveCfg = ReleaseDLL|Win32
		{30A96E9B-8061-4F19-BD71-FDE7EA8F7929}.ReleaseDLL|x64.ActiveCfg = ReleaseDLL|x64
		{30A96E9B-8061-4F19-BD71-FDE7EA8F7929}.ReleaseDLL|x64.Build.0 = ReleaseDLL|x64
		{30A96E9B-8061-4F19-BD71-FDE7EA8F7929}.ReleaseDLL|x86.ActiveCfg = ReleaseDLL|Win32
		{30A96E9B-8061-4F19-BD71-FDE7EA8F7929}.ReleaseDLL|x86.Build.0 = ReleaseDLL|Win32
		{30A96E9B-8061-4F19-BD71-FDE7EA8F7929}.ReleaseDLLStaticDeps|ARM.ActiveCfg = ReleaseDLLStaticDeps|Win32
		{30A96E9B-8061-4F19-BD71-FDE7EA8F7929}.ReleaseDLLStaticDeps|x64.ActiveCfg = ReleaseDLLStaticDeps|x64
		{30A96E9B-8061-4F19-BD71-FDE7EA8F7929}.ReleaseDLLStaticDeps|x64.Build.0 = ReleaseDLLStaticDeps|x64
		{30A96E9B-8061-4F19-BD71-FDE7EA8F7929}.ReleaseDLLStaticDeps|x86.ActiveCfg = ReleaseDLLStaticDeps|Win32
		{30A96E9B-8061-4F19-BD71-FDE7EA8F7929}.ReleaseDLLStaticDeps|x86.Build.0 = ReleaseDLLStaticDeps|Win32
		{30A96E9B-8061-4F19-BD71-FDE7EA8F7929}.ReleaseLTO|ARM.ActiveCfg = ReleaseLTO|Win32
		{30A96E9B-8061-4F19-BD71-FDE7EA8F7929}.ReleaseLTO|x64.ActiveCfg = ReleaseLTO|x64
		{30A96E9B-8061-4F19-BD71-FDE7EA8F7929}.ReleaseLTO|x64.Build.0 = ReleaseLTO|x64
		{30A96E9B-8061-4F19-BD71-FDE7EA8F7929}.ReleaseLTO|x86.ActiveCfg = ReleaseLTO|Win32
		{30A96E9B-8061-4F19-BD71-FDE7EA8F7929}.ReleaseLTO|x86.Build.0 = ReleaseLTO|Win32
	EndGlobalSection
	GlobalSection(SolutionProperties) = preSolution
		HideSolutionNode = FALSE
	EndGlobalSection
EndGlobal
